{
  "version": 4,
  "terraform_version": "1.3.7",
  "serial": 5,
  "lineage": "724540fb-dd26-f362-bbaa-17b37897d2bb",
  "outputs": {},
  "resources": [
    {
      "mode": "managed",
      "type": "azurerm_app_service",
      "name": "appservice",
      "provider": "provider[\"registry.terraform.io/hashicorp/azurerm\"]",
      "instances": [
        {
          "schema_version": 0,
          "attributes": {
            "app_service_plan_id": "/subscriptions/777c3b0d-95fe-45ee-a36e-3784cc1918b1/resourceGroups/sharmaiacrg/providers/Microsoft.Web/serverfarms/sharmaiacappserviceplan",
            "app_settings": {
              "DOCKER_REGISTRY_SERVER_PASSWORD": "Y/4IcZpBq1nfvpYgUzlhsqO7du2FU2te/MtZBtYgWl+ACRB8aNoF",
              "DOCKER_REGISTRY_SERVER_URL": "sharmaiacacr.azurecr.io",
              "DOCKER_REGISTRY_SERVER_USERNAME": "sharmaiacacr",
              "WEBSITES_ENABLE_APP_SERVICE_STORAGE": "false",
              "WEBSITES_PORT": "80"
            },
            "auth_settings": [
              {
                "active_directory": [],
                "additional_login_params": {},
                "allowed_external_redirect_urls": [],
                "default_provider": "",
                "enabled": false,
                "facebook": [],
                "google": [],
                "issuer": "",
                "microsoft": [],
                "runtime_version": "",
                "token_refresh_extension_hours": 0,
                "token_store_enabled": false,
                "twitter": [],
                "unauthenticated_client_action": ""
              }
            ],
            "backup": [],
            "client_affinity_enabled": false,
            "client_cert_enabled": false,
            "connection_string": [],
            "custom_domain_verification_id": "FDD8FE7670073421041A8F47D6B196A9EE4356A65C0C945B88D8DB8C8AA6AE5F",
            "default_site_hostname": "sharmaiacappservice.azurewebsites.net",
            "enabled": true,
            "https_only": false,
            "id": "/subscriptions/777c3b0d-95fe-45ee-a36e-3784cc1918b1/resourceGroups/sharmaiacrg/providers/Microsoft.Web/sites/sharmaiacappservice",
            "identity": [],
            "location": "westus",
            "logs": [
              {
                "application_logs": [
                  {
                    "azure_blob_storage": [],
                    "file_system_level": "Off"
                  }
                ],
                "http_logs": [
                  {
                    "azure_blob_storage": [],
                    "file_system": []
                  }
                ]
              }
            ],
            "name": "sharmaiacappservice",
            "outbound_ip_address_list": [
              "20.253.222.209",
              "20.253.222.211",
              "20.253.222.226",
              "20.253.222.240",
              "20.253.222.243",
              "20.253.222.248",
              "40.112.243.105"
            ],
            "outbound_ip_addresses": "20.253.222.209,20.253.222.211,20.253.222.226,20.253.222.240,20.253.222.243,20.253.222.248,40.112.243.105",
            "possible_outbound_ip_address_list": [
              "20.253.222.209",
              "20.253.222.211",
              "20.253.222.226",
              "20.253.222.240",
              "20.253.222.243",
              "20.253.222.248",
              "20.253.223.8",
              "20.253.223.12",
              "20.253.223.45",
              "20.253.223.87",
              "20.253.223.97",
              "20.253.223.125",
              "20.253.223.144",
              "20.253.223.0",
              "20.253.223.168",
              "20.253.223.11",
              "20.253.223.219",
              "20.245.205.247",
              "20.253.217.148",
              "20.253.217.149",
              "20.253.218.166",
              "20.253.218.176",
              "20.253.218.228",
              "20.253.218.229",
              "20.253.220.176",
              "20.253.220.177",
              "20.253.223.98",
              "20.253.223.118",
              "20.253.218.177",
              "20.253.223.119",
              "40.112.243.105"
            ],
            "possible_outbound_ip_addresses": "20.253.222.209,20.253.222.211,20.253.222.226,20.253.222.240,20.253.222.243,20.253.222.248,20.253.223.8,20.253.223.12,20.253.223.45,20.253.223.87,20.253.223.97,20.253.223.125,20.253.223.144,20.253.223.0,20.253.223.168,20.253.223.11,20.253.223.219,20.245.205.247,20.253.217.148,20.253.217.149,20.253.218.166,20.253.218.176,20.253.218.228,20.253.218.229,20.253.220.176,20.253.220.177,20.253.223.98,20.253.223.118,20.253.218.177,20.253.223.119,40.112.243.105",
            "resource_group_name": "sharmaiacrg",
            "site_config": [
              {
                "always_on": false,
                "app_command_line": "",
                "auto_swap_slot_name": "",
                "cors": [],
                "default_documents": [
                  "Default.htm",
                  "Default.html",
                  "Default.asp",
                  "index.htm",
                  "index.html",
                  "iisstart.htm",
                  "default.aspx",
                  "index.php",
                  "hostingstart.html"
                ],
                "dotnet_framework_version": "v4.0",
                "ftps_state": "AllAllowed",
                "health_check_path": "",
                "http2_enabled": false,
                "ip_restriction": [],
                "java_container": "",
                "java_container_version": "",
                "java_version": "",
                "linux_fx_version": "",
                "local_mysql_enabled": false,
                "managed_pipeline_mode": "Integrated",
                "min_tls_version": "1.2",
                "php_version": "5.6",
                "python_version": "",
                "remote_debugging_enabled": false,
                "remote_debugging_version": "",
                "scm_ip_restriction": [],
                "scm_type": "None",
                "scm_use_main_ip_restriction": false,
                "use_32_bit_worker_process": true,
                "websockets_enabled": false,
                "windows_fx_version": ""
              }
            ],
            "site_credential": [
              {
                "password": "Yj6B0hhKdTikBRAsnYPjoCGmQ889lT8pbxKrkdobcDtQqrmem4Qm0iQLYgKC",
                "username": "$sharmaiacappservice"
              }
            ],
            "source_control": [
              {
                "branch": "master",
                "manual_integration": false,
                "repo_url": "",
                "rollback_enabled": false,
                "use_mercurial": false
              }
            ],
            "storage_account": [],
            "tags": null,
            "timeouts": null
          },
          "sensitive_attributes": [
            [
              {
                "type": "get_attr",
                "value": "app_settings"
              },
              {
                "type": "index",
                "value": {
                  "value": "DOCKER_REGISTRY_SERVER_PASSWORD",
                  "type": "string"
                }
              }
            ]
          ],
          "private": "eyJlMmJmYjczMC1lY2FhLTExZTYtOGY4OC0zNDM2M2JjN2M0YzAiOnsiY3JlYXRlIjoxODAwMDAwMDAwMDAwLCJkZWxldGUiOjE4MDAwMDAwMDAwMDAsInJlYWQiOjMwMDAwMDAwMDAwMCwidXBkYXRlIjoxODAwMDAwMDAwMDAwfX0=",
          "dependencies": [
            "azurerm_app_service_plan.serviceplan",
            "azurerm_container_registry.azurecontainerregistry",
            "azurerm_resource_group.resourcegroup"
          ]
        }
      ]
    },
    {
      "mode": "managed",
      "type": "azurerm_app_service_plan",
      "name": "serviceplan",
      "provider": "provider[\"registry.terraform.io/hashicorp/azurerm\"]",
      "instances": [
        {
          "schema_version": 0,
          "attributes": {
            "app_service_environment_id": "",
            "id": "/subscriptions/777c3b0d-95fe-45ee-a36e-3784cc1918b1/resourceGroups/sharmaiacrg/providers/Microsoft.Web/serverfarms/sharmaiacappserviceplan",
            "is_xenon": false,
            "kind": "Windows",
            "location": "westus",
            "maximum_elastic_worker_count": 1,
            "maximum_number_of_workers": 10,
            "name": "sharmaiacappserviceplan",
            "per_site_scaling": false,
            "reserved": false,
            "resource_group_name": "sharmaiacrg",
            "sku": [
              {
                "capacity": 1,
                "size": "S1",
                "tier": "Standard"
              }
            ],
            "tags": null,
            "timeouts": null
          },
          "sensitive_attributes": [],
          "private": "eyJlMmJmYjczMC1lY2FhLTExZTYtOGY4OC0zNDM2M2JjN2M0YzAiOnsiY3JlYXRlIjozNjAwMDAwMDAwMDAwLCJkZWxldGUiOjM2MDAwMDAwMDAwMDAsInJlYWQiOjMwMDAwMDAwMDAwMCwidXBkYXRlIjozNjAwMDAwMDAwMDAwfX0=",
          "dependencies": [
            "azurerm_resource_group.resourcegroup"
          ]
        }
      ]
    },
    {
      "mode": "managed",
      "type": "azurerm_container_registry",
      "name": "azurecontainerregistry",
      "provider": "provider[\"registry.terraform.io/hashicorp/azurerm\"]",
      "instances": [
        {
          "schema_version": 2,
          "attributes": {
            "admin_enabled": true,
            "admin_password": "Y/4IcZpBq1nfvpYgUzlhsqO7du2FU2te/MtZBtYgWl+ACRB8aNoF",
            "admin_username": "sharmaiacacr",
            "georeplication_locations": null,
            "id": "/subscriptions/777c3b0d-95fe-45ee-a36e-3784cc1918b1/resourceGroups/sharmaiacrg/providers/Microsoft.ContainerRegistry/registries/sharmaiacacr",
            "location": "westus",
            "login_server": "sharmaiacacr.azurecr.io",
            "name": "sharmaiacacr",
            "network_rule_set": [],
            "resource_group_name": "sharmaiacrg",
            "retention_policy": [
              {
                "days": 7,
                "enabled": false
              }
            ],
            "sku": "Standard",
            "storage_account_id": null,
            "tags": null,
            "timeouts": null,
            "trust_policy": [
              {
                "enabled": false
              }
            ]
          },
          "sensitive_attributes": [],
          "private": "eyJlMmJmYjczMC1lY2FhLTExZTYtOGY4OC0zNDM2M2JjN2M0YzAiOnsiY3JlYXRlIjoxODAwMDAwMDAwMDAwLCJkZWxldGUiOjE4MDAwMDAwMDAwMDAsInJlYWQiOjMwMDAwMDAwMDAwMCwidXBkYXRlIjoxODAwMDAwMDAwMDAwfSwic2NoZW1hX3ZlcnNpb24iOiIyIn0=",
          "dependencies": [
            "azurerm_resource_group.resourcegroup"
          ]
        }
      ]
    },
    {
      "mode": "managed",
      "type": "azurerm_resource_group",
      "name": "resourcegroup",
      "provider": "provider[\"registry.terraform.io/hashicorp/azurerm\"]",
      "instances": [
        {
          "schema_version": 0,
          "attributes": {
            "id": "/subscriptions/777c3b0d-95fe-45ee-a36e-3784cc1918b1/resourceGroups/sharmaiacrg",
            "location": "westus",
            "name": "sharmaiacrg",
            "tags": null,
            "timeouts": null
          },
          "sensitive_attributes": [],
          "private": "eyJlMmJmYjczMC1lY2FhLTExZTYtOGY4OC0zNDM2M2JjN2M0YzAiOnsiY3JlYXRlIjo1NDAwMDAwMDAwMDAwLCJkZWxldGUiOjU0MDAwMDAwMDAwMDAsInJlYWQiOjMwMDAwMDAwMDAwMCwidXBkYXRlIjo1NDAwMDAwMDAwMDAwfX0="
        }
      ]
    }
  ],
  "check_results": null
}
